
Microsoft Visual Studio Solution File, Format Version 12.00
# Visual Studio 2012
Project("{FAE04EC0-301F-11D3-BF4B-00C04F79EFBC}") = "QBfinance_auto", "QBfinance_auto\QBfinance_auto.csproj", "{A7980FE9-FDD5-48D8-9864-87858A9B00E6}"
EndProject
Global
	GlobalSection(TeamFoundationVersionControl) = preSolution
		SccNumberOfProjects = 2
		SccEnterpriseProvider = {4CA58AB2-18FA-4F8D-95D4-32DDF27D184C}
		SccTeamFoundationServer = https://dropsonic.visualstudio.com/defaultcollection
		SccLocalPath0 = .
		SccProjectUniqueName1 = QBfinance_auto\\QBfinance_auto.csproj
		SccProjectName1 = QBfinance_auto
		SccLocalPath1 = QBfinance_auto
	EndGlobalSection
	GlobalSection(SolutionConfigurationPlatforms) = preSolution
		Debug|Any CPU = Debug|Any CPU
		Release|Any CPU = Release|Any CPU
	EndGlobalSection
	GlobalSection(ProjectConfigurationPlatforms) = postSolution
		{A7980FE9-FDD5-48D8-9864-87858A9B00E6}.Debug|Any CPU.ActiveCfg = Debug|Any CPU
		{A7980FE9-FDD5-48D8-9864-87858A9B00E6}.Debug|Any CPU.Build.0 = Debug|Any CPU
		{A7980FE9-FDD5-48D8-9864-87858A9B00E6}.Release|Any CPU.ActiveCfg = Release|Any CPU
		{A7980FE9-FDD5-48D8-9864-87858A9B00E6}.Release|Any CPU.Build.0 = Release|Any CPU
	EndGlobalSection
	GlobalSection(SolutionProperties) = preSolution
		HideSolutionNode = FALSE
	EndGlobalSection
EndGlobal
