
Microsoft Visual Studio Solution File, Format Version 12.00
# Visual Studio 2013
VisualStudioVersion = 12.0.20623.1 VSUPREVIEW
MinimumVisualStudioVersion = 10.0.40219.1
Project("{FAE04EC0-301F-11D3-BF4B-00C04F79EFBC}") = "QBfinance_auto", "QBfinance_auto\QBfinance_auto.csproj", "{A7980FE9-FDD5-48D8-9864-87858A9B00E6}"
EndProject
Project("{2150E333-8FDC-42A3-9474-1A3956D46DE8}") = ".nuget", ".nuget", "{E9E359F4-FAB0-4BB4-B759-2D3EB61ED900}"
	ProjectSection(SolutionItems) = preProject
		.nuget\NuGet.Config = .nuget\NuGet.Config
		.nuget\NuGet.exe = .nuget\NuGet.exe
		.nuget\NuGet.targets = .nuget\NuGet.targets
	EndProjectSection
EndProject
Project("{FAE04EC0-301F-11D3-BF4B-00C04F79EFBC}") = "ModuleBase", "ModuleBase\ModuleBase.csproj", "{77DCB940-D6F1-4E70-AB7A-65357ECF1CE7}"
EndProject
Project("{FAE04EC0-301F-11D3-BF4B-00C04F79EFBC}") = "YandexModule", "YandexModule\YandexModule.csproj", "{452035C6-2A49-4687-9372-14DB45816474}"
EndProject
Project("{FAE04EC0-301F-11D3-BF4B-00C04F79EFBC}") = "GoogleModule", "GoogleModule\GoogleModule.csproj", "{0D65DE54-4D21-4D23-9C2B-1FDD10CEC7C9}"
EndProject
Project("{FAE04EC0-301F-11D3-BF4B-00C04F79EFBC}") = "BingModule", "BingModule\BingModule.csproj", "{3DAFA551-66EA-45F8-B70F-97EC62E6D92B}"
EndProject
Project("{FAE04EC0-301F-11D3-BF4B-00C04F79EFBC}") = "YahooModule", "YahooModule\YahooModule.csproj", "{B9324068-DF48-4E21-9BAF-25E52C02A53E}"
EndProject
Project("{FAE04EC0-301F-11D3-BF4B-00C04F79EFBC}") = "MailRuModule", "MailRuModule\MailRuModule.csproj", "{CD91EB7B-C518-451B-B7E9-2DCA026CB867}"
EndProject
Project("{FAE04EC0-301F-11D3-BF4B-00C04F79EFBC}") = "BaiduModule", "BaiduModule\BaiduModule.csproj", "{ED77EF5C-9BA0-4B6D-B616-634F096CBA1D}"
EndProject
Global
	GlobalSection(TeamFoundationVersionControl) = preSolution
		SccNumberOfProjects = 9
		SccEnterpriseProvider = {4CA58AB2-18FA-4F8D-95D4-32DDF27D184C}
		SccTeamFoundationServer = https://dropsonic.visualstudio.com/defaultcollection
		SccLocalPath0 = .
		SccProjectUniqueName1 = GoogleModule\\GoogleModule.csproj
		SccProjectName1 = GoogleModule
		SccLocalPath1 = GoogleModule
		SccProjectUniqueName2 = ModuleBase\\ModuleBase.csproj
		SccProjectName2 = ModuleBase
		SccLocalPath2 = ModuleBase
		SccProjectUniqueName3 = QBfinance_auto\\QBfinance_auto.csproj
		SccProjectName3 = QBfinance_auto
		SccLocalPath3 = QBfinance_auto
		SccProjectUniqueName4 = YandexModule\\YandexModule.csproj
		SccProjectName4 = YandexModule
		SccLocalPath4 = YandexModule
		SccProjectUniqueName5 = BingModule\\BingModule.csproj
		SccProjectName5 = BingModule
		SccLocalPath5 = BingModule
		SccProjectUniqueName6 = YahooModule\\YahooModule.csproj
		SccProjectName6 = YahooModule
		SccLocalPath6 = YahooModule
		SccProjectUniqueName7 = MailRuModule\\MailRuModule.csproj
		SccProjectName7 = MailRuModule
		SccLocalPath7 = MailRuModule
		SccProjectUniqueName8 = BaiduModule\\BaiduModule.csproj
		SccProjectName8 = BaiduModule
		SccLocalPath8 = BaiduModule
	EndGlobalSection
	GlobalSection(SolutionConfigurationPlatforms) = preSolution
		Debug|Any CPU = Debug|Any CPU
		Release|Any CPU = Release|Any CPU
	EndGlobalSection
	GlobalSection(ProjectConfigurationPlatforms) = postSolution
		{A7980FE9-FDD5-48D8-9864-87858A9B00E6}.Debug|Any CPU.ActiveCfg = Debug|Any CPU
		{A7980FE9-FDD5-48D8-9864-87858A9B00E6}.Debug|Any CPU.Build.0 = Debug|Any CPU
		{A7980FE9-FDD5-48D8-9864-87858A9B00E6}.Release|Any CPU.ActiveCfg = Release|Any CPU
		{A7980FE9-FDD5-48D8-9864-87858A9B00E6}.Release|Any CPU.Build.0 = Release|Any CPU
		{77DCB940-D6F1-4E70-AB7A-65357ECF1CE7}.Debug|Any CPU.ActiveCfg = Debug|Any CPU
		{77DCB940-D6F1-4E70-AB7A-65357ECF1CE7}.Debug|Any CPU.Build.0 = Debug|Any CPU
		{77DCB940-D6F1-4E70-AB7A-65357ECF1CE7}.Release|Any CPU.ActiveCfg = Release|Any CPU
		{77DCB940-D6F1-4E70-AB7A-65357ECF1CE7}.Release|Any CPU.Build.0 = Release|Any CPU
		{452035C6-2A49-4687-9372-14DB45816474}.Debug|Any CPU.ActiveCfg = Debug|Any CPU
		{452035C6-2A49-4687-9372-14DB45816474}.Debug|Any CPU.Build.0 = Debug|Any CPU
		{452035C6-2A49-4687-9372-14DB45816474}.Release|Any CPU.ActiveCfg = Release|Any CPU
		{452035C6-2A49-4687-9372-14DB45816474}.Release|Any CPU.Build.0 = Release|Any CPU
		{0D65DE54-4D21-4D23-9C2B-1FDD10CEC7C9}.Debug|Any CPU.ActiveCfg = Debug|Any CPU
		{0D65DE54-4D21-4D23-9C2B-1FDD10CEC7C9}.Debug|Any CPU.Build.0 = Debug|Any CPU
		{0D65DE54-4D21-4D23-9C2B-1FDD10CEC7C9}.Release|Any CPU.ActiveCfg = Release|Any CPU
		{0D65DE54-4D21-4D23-9C2B-1FDD10CEC7C9}.Release|Any CPU.Build.0 = Release|Any CPU
		{3DAFA551-66EA-45F8-B70F-97EC62E6D92B}.Debug|Any CPU.ActiveCfg = Debug|Any CPU
		{3DAFA551-66EA-45F8-B70F-97EC62E6D92B}.Debug|Any CPU.Build.0 = Debug|Any CPU
		{3DAFA551-66EA-45F8-B70F-97EC62E6D92B}.Release|Any CPU.ActiveCfg = Release|Any CPU
		{3DAFA551-66EA-45F8-B70F-97EC62E6D92B}.Release|Any CPU.Build.0 = Release|Any CPU
		{B9324068-DF48-4E21-9BAF-25E52C02A53E}.Debug|Any CPU.ActiveCfg = Debug|Any CPU
		{B9324068-DF48-4E21-9BAF-25E52C02A53E}.Debug|Any CPU.Build.0 = Debug|Any CPU
		{B9324068-DF48-4E21-9BAF-25E52C02A53E}.Release|Any CPU.ActiveCfg = Release|Any CPU
		{B9324068-DF48-4E21-9BAF-25E52C02A53E}.Release|Any CPU.Build.0 = Release|Any CPU
		{CD91EB7B-C518-451B-B7E9-2DCA026CB867}.Debug|Any CPU.ActiveCfg = Debug|Any CPU
		{CD91EB7B-C518-451B-B7E9-2DCA026CB867}.Debug|Any CPU.Build.0 = Debug|Any CPU
		{CD91EB7B-C518-451B-B7E9-2DCA026CB867}.Release|Any CPU.ActiveCfg = Release|Any CPU
		{CD91EB7B-C518-451B-B7E9-2DCA026CB867}.Release|Any CPU.Build.0 = Release|Any CPU
		{ED77EF5C-9BA0-4B6D-B616-634F096CBA1D}.Debug|Any CPU.ActiveCfg = Debug|Any CPU
		{ED77EF5C-9BA0-4B6D-B616-634F096CBA1D}.Debug|Any CPU.Build.0 = Debug|Any CPU
		{ED77EF5C-9BA0-4B6D-B616-634F096CBA1D}.Release|Any CPU.ActiveCfg = Release|Any CPU
		{ED77EF5C-9BA0-4B6D-B616-634F096CBA1D}.Release|Any CPU.Build.0 = Release|Any CPU
	EndGlobalSection
	GlobalSection(SolutionProperties) = preSolution
		HideSolutionNode = FALSE
	EndGlobalSection
EndGlobal
